
Microsoft Visual Studio Solution File, Format Version 12.00
# Visual Studio Version 17
VisualStudioVersion = 17.3.32901.215
MinimumVisualStudioVersion = 10.0.40219.1
Project("{9A19103F-16F7-4668-BE54-9A1E7A4F7556}") = "CarSpot.Api", "CarSpot.Api\CarSpot.Api.csproj", "{2DF05471-4E98-4957-8BA1-9985D7509E9E}"
EndProject
Project("{FAE04EC0-301F-11D3-BF4B-00C04F79EFBC}") = "CarSpot.Tests", "CarSpot.Tests\CarSpot.Tests.csproj", "{94DE1D08-12AC-460E-905B-BE842D6F686A}"
EndProject
Global
	GlobalSection(SolutionConfigurationPlatforms) = preSolution
		Debug|Any CPU = Debug|Any CPU
		Release|Any CPU = Release|Any CPU
	EndGlobalSection
	GlobalSection(ProjectConfigurationPlatforms) = postSolution
		{2DF05471-4E98-4957-8BA1-9985D7509E9E}.Debug|Any CPU.ActiveCfg = Debug|Any CPU
		{2DF05471-4E98-4957-8BA1-9985D7509E9E}.Debug|Any CPU.Build.0 = Debug|Any CPU
		{2DF05471-4E98-4957-8BA1-9985D7509E9E}.Release|Any CPU.ActiveCfg = Release|Any CPU
		{2DF05471-4E98-4957-8BA1-9985D7509E9E}.Release|Any CPU.Build.0 = Release|Any CPU
		{94DE1D08-12AC-460E-905B-BE842D6F686A}.Debug|Any CPU.ActiveCfg = Debug|Any CPU
		{94DE1D08-12AC-460E-905B-BE842D6F686A}.Debug|Any CPU.Build.0 = Debug|Any CPU
		{94DE1D08-12AC-460E-905B-BE842D6F686A}.Release|Any CPU.ActiveCfg = Release|Any CPU
		{94DE1D08-12AC-460E-905B-BE842D6F686A}.Release|Any CPU.Build.0 = Release|Any CPU
	EndGlobalSection
	GlobalSection(SolutionProperties) = preSolution
		HideSolutionNode = FALSE
	EndGlobalSection
	GlobalSection(ExtensibilityGlobals) = postSolution
		SolutionGuid = {45114860-5924-42A5-86FE-3988561E5499}
	EndGlobalSection
EndGlobal
